
Microsoft Visual Studio Solution File, Format Version 12.00
# Visual Studio 15
VisualStudioVersion = 15.0.28307.1022
MinimumVisualStudioVersion = 10.0.40219.1
Project("{FAE04EC0-301F-11D3-BF4B-00C04F79EFBC}") = "Zadatak_1", "Zadatak_1\Zadatak_1.csproj", "{791E4577-18C1-4E6B-A201-FB48C1DAFCDE}"
EndProject
Global
	GlobalSection(SolutionConfigurationPlatforms) = preSolution
		Debug|Any CPU = Debug|Any CPU
		Release|Any CPU = Release|Any CPU
	EndGlobalSection
	GlobalSection(ProjectConfigurationPlatforms) = postSolution
		{791E4577-18C1-4E6B-A201-FB48C1DAFCDE}.Debug|Any CPU.ActiveCfg = Debug|Any CPU
		{791E4577-18C1-4E6B-A201-FB48C1DAFCDE}.Debug|Any CPU.Build.0 = Debug|Any CPU
		{791E4577-18C1-4E6B-A201-FB48C1DAFCDE}.Release|Any CPU.ActiveCfg = Release|Any CPU
		{791E4577-18C1-4E6B-A201-FB48C1DAFCDE}.Release|Any CPU.Build.0 = Release|Any CPU
	EndGlobalSection
	GlobalSection(SolutionProperties) = preSolution
		HideSolutionNode = FALSE
	EndGlobalSection
	GlobalSection(ExtensibilityGlobals) = postSolution
		SolutionGuid = {AC6F6119-7F18-4812-A13F-94CAF86FDA21}
	EndGlobalSection
EndGlobal
